
Microsoft Visual Studio Solution File, Format Version 12.00
# Visual Studio Version 16
VisualStudioVersion = 16.0.30523.141
MinimumVisualStudioVersion = 10.0.40219.1
Project("{FAE04EC0-301F-11D3-BF4B-00C04F79EFBC}") = "Swiss Systems", "Swiss Systems.csproj", "{5CFC1814-0997-4303-BA69-A81F35B7734E}"
EndProject
Global
	GlobalSection(SolutionConfigurationPlatforms) = preSolution
		Debug|Any CPU = Debug|Any CPU
		Release|Any CPU = Release|Any CPU
	EndGlobalSection
	GlobalSection(ProjectConfigurationPlatforms) = postSolution
		{5CFC1814-0997-4303-BA69-A81F35B7734E}.Debug|Any CPU.ActiveCfg = Debug|Any CPU
		{5CFC1814-0997-4303-BA69-A81F35B7734E}.Debug|Any CPU.Build.0 = Debug|Any CPU
		{5CFC1814-0997-4303-BA69-A81F35B7734E}.Release|Any CPU.ActiveCfg = Release|Any CPU
		{5CFC1814-0997-4303-BA69-A81F35B7734E}.Release|Any CPU.Build.0 = Release|Any CPU
	EndGlobalSection
	GlobalSection(SolutionProperties) = preSolution
		HideSolutionNode = FALSE
	EndGlobalSection
	GlobalSection(ExtensibilityGlobals) = postSolution
		SolutionGuid = {7D4979BA-A2E1-4489-803E-7C9F6CE4FA4B}
	EndGlobalSection
EndGlobal
